
Microsoft Visual Studio Solution File, Format Version 12.00
# Visual Studio Version 17
VisualStudioVersion = 17.2.32505.173
MinimumVisualStudioVersion = 10.0.40219.1
Project("{FAE04EC0-301F-11D3-BF4B-00C04F79EFBC}") = "MyCraft2D", "MyCraft2D\MyCraft2D.csproj", "{460C7A83-BB34-4CE7-B8E4-9E6C1AEABC10}"
EndProject
Project("{FAE04EC0-301F-11D3-BF4B-00C04F79EFBC}") = "MyGameEngine.Core", "MyGameEngine.Core\MyGameEngine.Core.csproj", "{089C8FED-E91F-4FFC-9408-16FAD095F79F}"
EndProject
Global
	GlobalSection(SolutionConfigurationPlatforms) = preSolution
		Debug|Any CPU = Debug|Any CPU
		Release|Any CPU = Release|Any CPU
	EndGlobalSection
	GlobalSection(ProjectConfigurationPlatforms) = postSolution
		{460C7A83-BB34-4CE7-B8E4-9E6C1AEABC10}.Debug|Any CPU.ActiveCfg = Debug|Any CPU
		{460C7A83-BB34-4CE7-B8E4-9E6C1AEABC10}.Debug|Any CPU.Build.0 = Debug|Any CPU
		{460C7A83-BB34-4CE7-B8E4-9E6C1AEABC10}.Release|Any CPU.ActiveCfg = Release|Any CPU
		{460C7A83-BB34-4CE7-B8E4-9E6C1AEABC10}.Release|Any CPU.Build.0 = Release|Any CPU
		{089C8FED-E91F-4FFC-9408-16FAD095F79F}.Debug|Any CPU.ActiveCfg = Debug|Any CPU
		{089C8FED-E91F-4FFC-9408-16FAD095F79F}.Debug|Any CPU.Build.0 = Debug|Any CPU
		{089C8FED-E91F-4FFC-9408-16FAD095F79F}.Release|Any CPU.ActiveCfg = Release|Any CPU
		{089C8FED-E91F-4FFC-9408-16FAD095F79F}.Release|Any CPU.Build.0 = Release|Any CPU
	EndGlobalSection
	GlobalSection(SolutionProperties) = preSolution
		HideSolutionNode = FALSE
	EndGlobalSection
	GlobalSection(ExtensibilityGlobals) = postSolution
		SolutionGuid = {D44D92FE-B1F4-4E12-A96D-4A5519E85052}
	EndGlobalSection
EndGlobal
